// !$*UTF8*$!
{
	archiveVersion = 1;
	classes = {
	};
	objectVersion = 46;
	objects = {

/* Begin PBXBuildFile section */
		615326FA1C63AB23001BEFCC /* rex.framework in Frameworks */ = {isa = PBXBuildFile; fileRef = 615326F91C63AB23001BEFCC /* rex.framework */; };
		618D70021C60E58D0094E8A7 /* AppDelegate.swift in Sources */ = {isa = PBXBuildFile; fileRef = 618D70011C60E58D0094E8A7 /* AppDelegate.swift */; };
		618D70041C60E58D0094E8A7 /* ContactsTableView.swift in Sources */ = {isa = PBXBuildFile; fileRef = 618D70031C60E58D0094E8A7 /* ContactsTableView.swift */; };
		618D70071C60E58D0094E8A7 /* Main.storyboard in Resources */ = {isa = PBXBuildFile; fileRef = 618D70051C60E58D0094E8A7 /* Main.storyboard */; };
		618D70091C60E58D0094E8A7 /* Assets.xcassets in Resources */ = {isa = PBXBuildFile; fileRef = 618D70081C60E58D0094E8A7 /* Assets.xcassets */; };
		618D700C1C60E58D0094E8A7 /* LaunchScreen.storyboard in Resources */ = {isa = PBXBuildFile; fileRef = 618D700A1C60E58D0094E8A7 /* LaunchScreen.storyboard */; };
		618D70161C60FC3B0094E8A7 /* ContactCardView.swift in Sources */ = {isa = PBXBuildFile; fileRef = 618D70151C60FC3B0094E8A7 /* ContactCardView.swift */; };
		618E4AA51C6544C500889EC5 /* PhoneAddressBookService.swift in Sources */ = {isa = PBXBuildFile; fileRef = 618E4AA41C6544C500889EC5 /* PhoneAddressBookService.swift */; };
		618E4AA71C6544EF00889EC5 /* ContactStore.swift in Sources */ = {isa = PBXBuildFile; fileRef = 618E4AA61C6544EF00889EC5 /* ContactStore.swift */; };
		61B55AB71C624209001B614C /* ContactsTableViewModel.swift in Sources */ = {isa = PBXBuildFile; fileRef = 61B55AB61C624209001B614C /* ContactsTableViewModel.swift */; };
		61B55AB91C62421A001B614C /* ContactCardViewModel.swift in Sources */ = {isa = PBXBuildFile; fileRef = 61B55AB81C62421A001B614C /* ContactCardViewModel.swift */; };
		61DDBB3B1C610469000165C5 /* ReactiveCocoa.framework in Frameworks */ = {isa = PBXBuildFile; fileRef = 61DDBB3A1C610469000165C5 /* ReactiveCocoa.framework */; };
		61DDBB3D1C61046D000165C5 /* Result.framework in Frameworks */ = {isa = PBXBuildFile; fileRef = 61DDBB3C1C61046D000165C5 /* Result.framework */; };
		61DDBB3F1C610471000165C5 /* Realm.framework in Frameworks */ = {isa = PBXBuildFile; fileRef = 61DDBB3E1C610471000165C5 /* Realm.framework */; };
		61DDBB411C610473000165C5 /* RealmSwift.framework in Frameworks */ = {isa = PBXBuildFile; fileRef = 61DDBB401C610473000165C5 /* RealmSwift.framework */; };
		61DDBB431C6106B9000165C5 /* ContactCardModel.swift in Sources */ = {isa = PBXBuildFile; fileRef = 61DDBB421C6106B9000165C5 /* ContactCardModel.swift */; };
/* End PBXBuildFile section */

/* Begin PBXFileReference section */
		615326F91C63AB23001BEFCC /* rex.framework */ = {isa = PBXFileReference; lastKnownFileType = wrapper.framework; name = rex.framework; path = Carthage/Build/iOS/rex.framework; sourceTree = "<group>"; };
		618D6FFE1C60E58D0094E8A7 /* ej3.app */ = {isa = PBXFileReference; explicitFileType = wrapper.application; includeInIndex = 0; path = ej3.app; sourceTree = BUILT_PRODUCTS_DIR; };
		618D70011C60E58D0094E8A7 /* AppDelegate.swift */ = {isa = PBXFileReference; lastKnownFileType = sourcecode.swift; path = AppDelegate.swift; sourceTree = "<group>"; };
		618D70031C60E58D0094E8A7 /* ContactsTableView.swift */ = {isa = PBXFileReference; lastKnownFileType = sourcecode.swift; path = ContactsTableView.swift; sourceTree = "<group>"; };
		618D70061C60E58D0094E8A7 /* Base */ = {isa = PBXFileReference; lastKnownFileType = file.storyboard; name = Base; path = Base.lproj/Main.storyboard; sourceTree = "<group>"; };
		618D70081C60E58D0094E8A7 /* Assets.xcassets */ = {isa = PBXFileReference; lastKnownFileType = folder.assetcatalog; path = Assets.xcassets; sourceTree = "<group>"; };
		618D700B1C60E58D0094E8A7 /* Base */ = {isa = PBXFileReference; lastKnownFileType = file.storyboard; name = Base; path = Base.lproj/LaunchScreen.storyboard; sourceTree = "<group>"; };
		618D700D1C60E58D0094E8A7 /* Info.plist */ = {isa = PBXFileReference; lastKnownFileType = text.plist.xml; path = Info.plist; sourceTree = "<group>"; };
		618D70151C60FC3B0094E8A7 /* ContactCardView.swift */ = {isa = PBXFileReference; fileEncoding = 4; lastKnownFileType = sourcecode.swift; path = ContactCardView.swift; sourceTree = "<group>"; };
		618E4AA41C6544C500889EC5 /* PhoneAddressBookService.swift */ = {isa = PBXFileReference; fileEncoding = 4; lastKnownFileType = sourcecode.swift; path = PhoneAddressBookService.swift; sourceTree = "<group>"; };
		618E4AA61C6544EF00889EC5 /* ContactStore.swift */ = {isa = PBXFileReference; fileEncoding = 4; lastKnownFileType = sourcecode.swift; path = ContactStore.swift; sourceTree = "<group>"; };
		61B55AB61C624209001B614C /* ContactsTableViewModel.swift */ = {isa = PBXFileReference; fileEncoding = 4; lastKnownFileType = sourcecode.swift; path = ContactsTableViewModel.swift; sourceTree = "<group>"; };
		61B55AB81C62421A001B614C /* ContactCardViewModel.swift */ = {isa = PBXFileReference; fileEncoding = 4; lastKnownFileType = sourcecode.swift; path = ContactCardViewModel.swift; sourceTree = "<group>"; };
		61DDBB3A1C610469000165C5 /* ReactiveCocoa.framework */ = {isa = PBXFileReference; lastKnownFileType = wrapper.framework; name = ReactiveCocoa.framework; path = Carthage/Build/iOS/ReactiveCocoa.framework; sourceTree = "<group>"; };
		61DDBB3C1C61046D000165C5 /* Result.framework */ = {isa = PBXFileReference; lastKnownFileType = wrapper.framework; name = Result.framework; path = Carthage/Build/iOS/Result.framework; sourceTree = "<group>"; };
		61DDBB3E1C610471000165C5 /* Realm.framework */ = {isa = PBXFileReference; lastKnownFileType = wrapper.framework; name = Realm.framework; path = Carthage/Build/iOS/Realm.framework; sourceTree = "<group>"; };
		61DDBB401C610473000165C5 /* RealmSwift.framework */ = {isa = PBXFileReference; lastKnownFileType = wrapper.framework; name = RealmSwift.framework; path = Carthage/Build/iOS/RealmSwift.framework; sourceTree = "<group>"; };
		61DDBB421C6106B9000165C5 /* ContactCardModel.swift */ = {isa = PBXFileReference; fileEncoding = 4; lastKnownFileType = sourcecode.swift; path = ContactCardModel.swift; sourceTree = "<group>"; };
/* End PBXFileReference section */

/* Begin PBXFrameworksBuildPhase section */
		618D6FFB1C60E58D0094E8A7 /* Frameworks */ = {
			isa = PBXFrameworksBuildPhase;
			buildActionMask = 2147483647;
			files = (
				61DDBB3B1C610469000165C5 /* ReactiveCocoa.framework in Frameworks */,
				61DDBB3F1C610471000165C5 /* Realm.framework in Frameworks */,
				61DDBB411C610473000165C5 /* RealmSwift.framework in Frameworks */,
				615326FA1C63AB23001BEFCC /* rex.framework in Frameworks */,
				61DDBB3D1C61046D000165C5 /* Result.framework in Frameworks */,
			);
			runOnlyForDeploymentPostprocessing = 0;
		};
/* End PBXFrameworksBuildPhase section */

/* Begin PBXGroup section */
		618D6FF51C60E58D0094E8A7 = {
			isa = PBXGroup;
			children = (
				618D70001C60E58D0094E8A7 /* ej3 */,
				618D6FFF1C60E58D0094E8A7 /* Products */,
				615326F91C63AB23001BEFCC /* rex.framework */,
				61DDBB401C610473000165C5 /* RealmSwift.framework */,
				61DDBB3E1C610471000165C5 /* Realm.framework */,
				61DDBB3C1C61046D000165C5 /* Result.framework */,
				61DDBB3A1C610469000165C5 /* ReactiveCocoa.framework */,
			);
			sourceTree = "<group>";
		};
		618D6FFF1C60E58D0094E8A7 /* Products */ = {
			isa = PBXGroup;
			children = (
				618D6FFE1C60E58D0094E8A7 /* ej3.app */,
			);
			name = Products;
			sourceTree = "<group>";
		};
		618D70001C60E58D0094E8A7 /* ej3 */ = {
			isa = PBXGroup;
			children = (
				618E4AA31C6544A700889EC5 /* Services */,
				61B55AB41C6241D3001B614C /* Model */,
				61B55ABA1C624231001B614C /* ViewModel */,
				61B55AB51C6241DB001B614C /* View */,
				618D70011C60E58D0094E8A7 /* AppDelegate.swift */,
				618D70051C60E58D0094E8A7 /* Main.storyboard */,
				618D70081C60E58D0094E8A7 /* Assets.xcassets */,
				618D700A1C60E58D0094E8A7 /* LaunchScreen.storyboard */,
				618D700D1C60E58D0094E8A7 /* Info.plist */,
			);
			path = ej3;
			sourceTree = "<group>";
		};
		618E4AA31C6544A700889EC5 /* Services */ = {
			isa = PBXGroup;
			children = (
				618E4AA41C6544C500889EC5 /* PhoneAddressBookService.swift */,
				618E4AA61C6544EF00889EC5 /* ContactStore.swift */,
			);
			name = Services;
			sourceTree = "<group>";
		};
		61B55AB41C6241D3001B614C /* Model */ = {
			isa = PBXGroup;
			children = (
				61DDBB421C6106B9000165C5 /* ContactCardModel.swift */,
			);
			name = Model;
			sourceTree = "<group>";
		};
		61B55AB51C6241DB001B614C /* View */ = {
			isa = PBXGroup;
			children = (
				618D70031C60E58D0094E8A7 /* ContactsTableView.swift */,
				618D70151C60FC3B0094E8A7 /* ContactCardView.swift */,
			);
			name = View;
			sourceTree = "<group>";
		};
		61B55ABA1C624231001B614C /* ViewModel */ = {
			isa = PBXGroup;
			children = (
				61B55AB61C624209001B614C /* ContactsTableViewModel.swift */,
				61B55AB81C62421A001B614C /* ContactCardViewModel.swift */,
			);
			name = ViewModel;
			sourceTree = "<group>";
		};
/* End PBXGroup section */

/* Begin PBXNativeTarget section */
		618D6FFD1C60E58D0094E8A7 /* ej3 */ = {
			isa = PBXNativeTarget;
			buildConfigurationList = 618D70101C60E58D0094E8A7 /* Build configuration list for PBXNativeTarget "ej3" */;
			buildPhases = (
				618D6FFA1C60E58D0094E8A7 /* Sources */,
				618D6FFB1C60E58D0094E8A7 /* Frameworks */,
				618D6FFC1C60E58D0094E8A7 /* Resources */,
				61DDBB441C610FA1000165C5 /* Carthage */,
			);
			buildRules = (
			);
			dependencies = (
			);
			name = ej3;
			productName = ej3;
			productReference = 618D6FFE1C60E58D0094E8A7 /* ej3.app */;
			productType = "com.apple.product-type.application";
		};
/* End PBXNativeTarget section */

/* Begin PBXProject section */
		618D6FF61C60E58D0094E8A7 /* Project object */ = {
			isa = PBXProject;
			attributes = {
				LastSwiftUpdateCheck = 0720;
				LastUpgradeCheck = 0720;
				ORGANIZATIONNAME = Dana;
				TargetAttributes = {
					618D6FFD1C60E58D0094E8A7 = {
						CreatedOnToolsVersion = 7.2;
					};
				};
			};
			buildConfigurationList = 618D6FF91C60E58D0094E8A7 /* Build configuration list for PBXProject "ej3" */;
			compatibilityVersion = "Xcode 3.2";
			developmentRegion = English;
			hasScannedForEncodings = 0;
			knownRegions = (
				en,
				Base,
			);
			mainGroup = 618D6FF51C60E58D0094E8A7;
			productRefGroup = 618D6FFF1C60E58D0094E8A7 /* Products */;
			projectDirPath = "";
			projectRoot = "";
			targets = (
				618D6FFD1C60E58D0094E8A7 /* ej3 */,
			);
		};
/* End PBXProject section */

/* Begin PBXResourcesBuildPhase section */
		618D6FFC1C60E58D0094E8A7 /* Resources */ = {
			isa = PBXResourcesBuildPhase;
			buildActionMask = 2147483647;
			files = (
				618D700C1C60E58D0094E8A7 /* LaunchScreen.storyboard in Resources */,
				618D70091C60E58D0094E8A7 /* Assets.xcassets in Resources */,
				618D70071C60E58D0094E8A7 /* Main.storyboard in Resources */,
			);
			runOnlyForDeploymentPostprocessing = 0;
		};
/* End PBXResourcesBuildPhase section */

/* Begin PBXShellScriptBuildPhase section */
		61DDBB441C610FA1000165C5 /* Carthage */ = {
			isa = PBXShellScriptBuildPhase;
			buildActionMask = 2147483647;
			files = (
			);
			inputPaths = (
				"$(SRCROOT)/Carthage/Build/iOS/Result.framework",
				"$(SRCROOT)/Carthage/Build/iOS/Realm.framework",
				"$(SRCROOT)/Carthage/Build/iOS/ReactiveCocoa.framework",
				"$(SRCROOT)/Carthage/Build/iOS/RealmSwift.framework",
				"$(SRCROOT)/Carthage/Build/iOS/rex.framework",
			);
			name = Carthage;
			outputPaths = (
			);
			runOnlyForDeploymentPostprocessing = 0;
			shellPath = /bin/sh;
			shellScript = "/usr/local/bin/carthage copy-frameworks";
		};
/* End PBXShellScriptBuildPhase section */

/* Begin PBXSourcesBuildPhase section */
		618D6FFA1C60E58D0094E8A7 /* Sources */ = {
			isa = PBXSourcesBuildPhase;
			buildActionMask = 2147483647;
			files = (
				61DDBB431C6106B9000165C5 /* ContactCardModel.swift in Sources */,
				61B55AB71C624209001B614C /* ContactsTableViewModel.swift in Sources */,
				618D70161C60FC3B0094E8A7 /* ContactCardView.swift in Sources */,
				618E4AA51C6544C500889EC5 /* PhoneAddressBookService.swift in Sources */,
				61B55AB91C62421A001B614C /* ContactCardViewModel.swift in Sources */,
				618D70041C60E58D0094E8A7 /* ContactsTableView.swift in Sources */,
				618E4AA71C6544EF00889EC5 /* ContactStore.swift in Sources */,
				618D70021C60E58D0094E8A7 /* AppDelegate.swift in Sources */,
			);
			runOnlyForDeploymentPostprocessing = 0;
		};
/* End PBXSourcesBuildPhase section */

/* Begin PBXVariantGroup section */
		618D70051C60E58D0094E8A7 /* Main.storyboard */ = {
			isa = PBXVariantGroup;
			children = (
				618D70061C60E58D0094E8A7 /* Base */,
			);
			name = Main.storyboard;
			sourceTree = "<group>";
		};
		618D700A1C60E58D0094E8A7 /* LaunchScreen.storyboard */ = {
			isa = PBXVariantGroup;
			children = (
				618D700B1C60E58D0094E8A7 /* Base */,
			);
			name = LaunchScreen.storyboard;
			sourceTree = "<group>";
		};
/* End PBXVariantGroup section */

/* Begin XCBuildConfiguration section */
		618D700E1C60E58D0094E8A7 /* Debug */ = {
			isa = XCBuildConfiguration;
			buildSettings = {
				ALWAYS_SEARCH_USER_PATHS = NO;
				CLANG_CXX_LANGUAGE_STANDARD = "gnu++0x";
				CLANG_CXX_LIBRARY = "libc++";
				CLANG_ENABLE_MODULES = YES;
				CLANG_ENABLE_OBJC_ARC = YES;
				CLANG_WARN_BOOL_CONVERSION = YES;
				CLANG_WARN_CONSTANT_CONVERSION = YES;
				CLANG_WARN_DIRECT_OBJC_ISA_USAGE = YES_ERROR;
				CLANG_WARN_EMPTY_BODY = YES;
				CLANG_WARN_ENUM_CONVERSION = YES;
				CLANG_WARN_INT_CONVERSION = YES;
				CLANG_WARN_OBJC_ROOT_CLASS = YES_ERROR;
				CLANG_WARN_UNREACHABLE_CODE = YES;
				CLANG_WARN__DUPLICATE_METHOD_MATCH = YES;
				"CODE_SIGN_IDENTITY[sdk=iphoneos*]" = "iPhone Developer";
				COPY_PHASE_STRIP = NO;
				DEBUG_INFORMATION_FORMAT = dwarf;
				ENABLE_STRICT_OBJC_MSGSEND = YES;
				ENABLE_TESTABILITY = YES;
				GCC_C_LANGUAGE_STANDARD = gnu99;
				GCC_DYNAMIC_NO_PIC = NO;
				GCC_NO_COMMON_BLOCKS = YES;
				GCC_OPTIMIZATION_LEVEL = 0;
				GCC_PREPROCESSOR_DEFINITIONS = (
					"DEBUG=1",
					"$(inherited)",
				);
				GCC_WARN_64_TO_32_BIT_CONVERSION = YES;
				GCC_WARN_ABOUT_RETURN_TYPE = YES_ERROR;
				GCC_WARN_UNDECLARED_SELECTOR = YES;
				GCC_WARN_UNINITIALIZED_AUTOS = YES_AGGRESSIVE;
				GCC_WARN_UNUSED_FUNCTION = YES;
				GCC_WARN_UNUSED_VARIABLE = YES;
				IPHONEOS_DEPLOYMENT_TARGET = 9.2;
				MTL_ENABLE_DEBUG_INFO = YES;
				ONLY_ACTIVE_ARCH = YES;
				SDKROOT = iphoneos;
				SWIFT_OPTIMIZATION_LEVEL = "-Onone";
			};
			name = Debug;
		};
		618D700F1C60E58D0094E8A7 /* Release */ = {
			isa = XCBuildConfiguration;
			buildSettings = {
				ALWAYS_SEARCH_USER_PATHS = NO;
				CLANG_CXX_LANGUAGE_STANDARD = "gnu++0x";
				CLANG_CXX_LIBRARY = "libc++";
				CLANG_ENABLE_MODULES = YES;
				CLANG_ENABLE_OBJC_ARC = YES;
				CLANG_WARN_BOOL_CONVERSION = YES;
				CLANG_WARN_CONSTANT_CONVERSION = YES;
				CLANG_WARN_DIRECT_OBJC_ISA_USAGE = YES_ERROR;
				CLANG_WARN_EMPTY_BODY = YES;
				CLANG_WARN_ENUM_CONVERSION = YES;
				CLANG_WARN_INT_CONVERSION = YES;
				CLANG_WARN_OBJC_ROOT_CLASS = YES_ERROR;
				CLANG_WARN_UNREACHABLE_CODE = YES;
				CLANG_WARN__DUPLICATE_METHOD_MATCH = YES;
				"CODE_SIGN_IDENTITY[sdk=iphoneos*]" = "iPhone Developer";
				COPY_PHASE_STRIP = NO;
				DEBUG_INFORMATION_FORMAT = "dwarf-with-dsym";
				ENABLE_NS_ASSERTIONS = NO;
				ENABLE_STRICT_OBJC_MSGSEND = YES;
				GCC_C_LANGUAGE_STANDARD = gnu99;
				GCC_NO_COMMON_BLOCKS = YES;
				GCC_WARN_64_TO_32_BIT_CONVERSION = YES;
				GCC_WARN_ABOUT_RETURN_TYPE = YES_ERROR;
				GCC_WARN_UNDECLARED_SELECTOR = YES;
				GCC_WARN_UNINITIALIZED_AUTOS = YES_AGGRESSIVE;
				GCC_WARN_UNUSED_FUNCTION = YES;
				GCC_WARN_UNUSED_VARIABLE = YES;
				IPHONEOS_DEPLOYMENT_TARGET = 9.2;
				MTL_ENABLE_DEBUG_INFO = NO;
				SDKROOT = iphoneos;
				VALIDATE_PRODUCT = YES;
			};
			name = Release;
		};
		618D70111C60E58D0094E8A7 /* Debug */ = {
			isa = XCBuildConfiguration;
			buildSettings = {
				ASSETCATALOG_COMPILER_APPICON_NAME = AppIcon;
				FRAMEWORK_SEARCH_PATHS = (
					"$(inherited)",
					"$(PROJECT_DIR)/Carthage/Build/iOS",
				);
				INFOPLIST_FILE = ej3/Info.plist;
				LD_RUNPATH_SEARCH_PATHS = "$(inherited) @executable_path/Frameworks";
				PRODUCT_BUNDLE_IDENTIFIER = dtilve.ej3;
				PRODUCT_NAME = "$(TARGET_NAME)";
			};
			name = Debug;
		};
		618D70121C60E58D0094E8A7 /* Release */ = {
			isa = XCBuildConfiguration;
			buildSettings = {
				ASSETCATALOG_COMPILER_APPICON_NAME = AppIcon;
				FRAMEWORK_SEARCH_PATHS = (
					"$(inherited)",
					"$(PROJECT_DIR)/Carthage/Build/iOS",
				);
				INFOPLIST_FILE = ej3/Info.plist;
				LD_RUNPATH_SEARCH_PATHS = "$(inherited) @executable_path/Frameworks";
				PRODUCT_BUNDLE_IDENTIFIER = dtilve.ej3;
				PRODUCT_NAME = "$(TARGET_NAME)";
			};
			name = Release;
		};
/* End XCBuildConfiguration section */

/* Begin XCConfigurationList section */
		618D6FF91C60E58D0094E8A7 /* Build configuration list for PBXProject "ej3" */ = {
			isa = XCConfigurationList;
			buildConfigurations = (
				618D700E1C60E58D0094E8A7 /* Debug */,
				618D700F1C60E58D0094E8A7 /* Release */,
			);
			defaultConfigurationIsVisible = 0;
			defaultConfigurationName = Release;
		};
		618D70101C60E58D0094E8A7 /* Build configuration list for PBXNativeTarget "ej3" */ = {
			isa = XCConfigurationList;
			buildConfigurations = (
				618D70111C60E58D0094E8A7 /* Debug */,
				618D70121C60E58D0094E8A7 /* Release */,
			);
			defaultConfigurationIsVisible = 0;
			defaultConfigurationName = Release;
		};
/* End XCConfigurationList section */
	};
	rootObject = 618D6FF61C60E58D0094E8A7 /* Project object */;
}
